
Microsoft Visual Studio Solution File, Format Version 12.00
# Visual Studio Version 16
VisualStudioVersion = 16.0.31005.135
MinimumVisualStudioVersion = 10.0.40219.1
Project("{FAE04EC0-301F-11D3-BF4B-00C04F79EFBC}") = "DadosDaFran", "DadosDaFran\DadosDaFran.csproj", "{CC8DF3BC-8F3E-4679-9AA2-2AC76DB7FC2D}"
EndProject
Global
	GlobalSection(SolutionConfigurationPlatforms) = preSolution
		Debug|Any CPU = Debug|Any CPU
		Release|Any CPU = Release|Any CPU
	EndGlobalSection
	GlobalSection(ProjectConfigurationPlatforms) = postSolution
		{CC8DF3BC-8F3E-4679-9AA2-2AC76DB7FC2D}.Debug|Any CPU.ActiveCfg = Debug|Any CPU
		{CC8DF3BC-8F3E-4679-9AA2-2AC76DB7FC2D}.Debug|Any CPU.Build.0 = Debug|Any CPU
		{CC8DF3BC-8F3E-4679-9AA2-2AC76DB7FC2D}.Release|Any CPU.ActiveCfg = Release|Any CPU
		{CC8DF3BC-8F3E-4679-9AA2-2AC76DB7FC2D}.Release|Any CPU.Build.0 = Release|Any CPU
	EndGlobalSection
	GlobalSection(SolutionProperties) = preSolution
		HideSolutionNode = FALSE
	EndGlobalSection
	GlobalSection(ExtensibilityGlobals) = postSolution
		SolutionGuid = {23C66202-83E2-43FF-B5AA-0A25397BDDC6}
	EndGlobalSection
EndGlobal
